{
    "_readme": [
        "This file locks the dependencies of your project to a known state",
        "Read more about it at https://getcomposer.org/doc/01-basic-usage.md#installing-dependencies",
        "This file is @generated automatically"
    ],
    "content-hash": "1ff7474302ed23fefb37814e92a45754",
    "packages": [
        {
            "name": "essentio/core",
            "version": "dev-main",
            "source": {
                "type": "git",
                "url": "https://github.com/Phil-Venter/essentio-core.git",
                "reference": "0d5b0358192fa321261bf86e4ea1f51dfbc498f0"
            },
            "dist": {
                "type": "zip",
                "url": "https://api.github.com/repos/Phil-Venter/essentio-core/zipball/0d5b0358192fa321261bf86e4ea1f51dfbc498f0",
                "reference": "0d5b0358192fa321261bf86e4ea1f51dfbc498f0",
                "shasum": ""
            },
            "require": {
                "php": "^8.2"
            },
            "require-dev": {
                "pestphp/pest": "^3.8",
                "rector/rector": "^2.0"
            },
            "default-branch": true,
            "type": "library",
            "autoload": {
                "files": [
                    "src/functions.php",
                    "src/Extra/functions.php"
                ],
                "psr-4": {
                    "Essentio\\Core\\": "src/"
                }
            },
            "notification-url": "https://packagist.org/downloads/",
            "license": [
                "0BSD"
            ],
            "description": "A minimalist PHP micro-framework for people who prefer simple structure and full control—without the bloat, dogma, or dependency hell.",
            "support": {
                "issues": "https://github.com/Phil-Venter/essentio-core/issues",
                "source": "https://github.com/Phil-Venter/essentio-core/tree/main"
            },
            "time": "2025-06-27T14:39:07+00:00"
        }
    ],
    "packages-dev": [],
    "aliases": [],
    "minimum-stability": "dev",
    "stability-flags": {
        "essentio/core": 20
    },
    "prefer-stable": false,
    "prefer-lowest": false,
    "platform": {},
    "platform-dev": {},
    "plugin-api-version": "2.6.0"
}
